
Microsoft Visual Studio Solution File, Format Version 12.00
# Visual Studio Version 18
VisualStudioVersion = 18.3.11520.95 d18.3
MinimumVisualStudioVersion = 10.0.40219.1
Project("{FAE04EC0-301F-11D3-BF4B-00C04F79EFBC}") = "DistanceConverter", "DistanceConverter.csproj", "{B1DD45B1-3354-F74A-F75C-A489EDE4097F}"
EndProject
Global
	GlobalSection(SolutionConfigurationPlatforms) = preSolution
		Debug|Any CPU = Debug|Any CPU
		Release|Any CPU = Release|Any CPU
	EndGlobalSection
	GlobalSection(ProjectConfigurationPlatforms) = postSolution
		{B1DD45B1-3354-F74A-F75C-A489EDE4097F}.Debug|Any CPU.ActiveCfg = Debug|Any CPU
		{B1DD45B1-3354-F74A-F75C-A489EDE4097F}.Debug|Any CPU.Build.0 = Debug|Any CPU
		{B1DD45B1-3354-F74A-F75C-A489EDE4097F}.Release|Any CPU.ActiveCfg = Release|Any CPU
		{B1DD45B1-3354-F74A-F75C-A489EDE4097F}.Release|Any CPU.Build.0 = Release|Any CPU
	EndGlobalSection
	GlobalSection(SolutionProperties) = preSolution
		HideSolutionNode = FALSE
	EndGlobalSection
	GlobalSection(ExtensibilityGlobals) = postSolution
		SolutionGuid = {FA029FEB-1F2D-4EF9-A0DF-2ADFBE256E57}
	EndGlobalSection
EndGlobal
