
Microsoft Visual Studio Solution File, Format Version 12.00
# Visual Studio Version 18
VisualStudioVersion = 18.3.11520.95 d18.3
MinimumVisualStudioVersion = 10.0.40219.1
Project("{FAE04EC0-301F-11D3-BF4B-00C04F79EFBC}") = "HoursToMinutesConverter", "HoursToMinutesConverter.csproj", "{EBDC4742-F518-7905-0FF8-81F5B9378C25}"
EndProject
Global
	GlobalSection(SolutionConfigurationPlatforms) = preSolution
		Debug|Any CPU = Debug|Any CPU
		Release|Any CPU = Release|Any CPU
	EndGlobalSection
	GlobalSection(ProjectConfigurationPlatforms) = postSolution
		{EBDC4742-F518-7905-0FF8-81F5B9378C25}.Debug|Any CPU.ActiveCfg = Debug|Any CPU
		{EBDC4742-F518-7905-0FF8-81F5B9378C25}.Debug|Any CPU.Build.0 = Debug|Any CPU
		{EBDC4742-F518-7905-0FF8-81F5B9378C25}.Release|Any CPU.ActiveCfg = Release|Any CPU
		{EBDC4742-F518-7905-0FF8-81F5B9378C25}.Release|Any CPU.Build.0 = Release|Any CPU
	EndGlobalSection
	GlobalSection(SolutionProperties) = preSolution
		HideSolutionNode = FALSE
	EndGlobalSection
	GlobalSection(ExtensibilityGlobals) = postSolution
		SolutionGuid = {28CE482A-3451-49B7-9CA5-3E946EB69BB6}
	EndGlobalSection
EndGlobal
