
Microsoft Visual Studio Solution File, Format Version 12.00
# Visual Studio Version 18
VisualStudioVersion = 18.3.11520.95 d18.3
MinimumVisualStudioVersion = 10.0.40219.1
Project("{FAE04EC0-301F-11D3-BF4B-00C04F79EFBC}") = "RectangleAreaCalculator", "RectangleAreaCalculator.csproj", "{F113594E-EDAF-E1EC-B515-042F255E9CFA}"
EndProject
Global
	GlobalSection(SolutionConfigurationPlatforms) = preSolution
		Debug|Any CPU = Debug|Any CPU
		Release|Any CPU = Release|Any CPU
	EndGlobalSection
	GlobalSection(ProjectConfigurationPlatforms) = postSolution
		{F113594E-EDAF-E1EC-B515-042F255E9CFA}.Debug|Any CPU.ActiveCfg = Debug|Any CPU
		{F113594E-EDAF-E1EC-B515-042F255E9CFA}.Debug|Any CPU.Build.0 = Debug|Any CPU
		{F113594E-EDAF-E1EC-B515-042F255E9CFA}.Release|Any CPU.ActiveCfg = Release|Any CPU
		{F113594E-EDAF-E1EC-B515-042F255E9CFA}.Release|Any CPU.Build.0 = Release|Any CPU
	EndGlobalSection
	GlobalSection(SolutionProperties) = preSolution
		HideSolutionNode = FALSE
	EndGlobalSection
	GlobalSection(ExtensibilityGlobals) = postSolution
		SolutionGuid = {ACAA9C08-2502-4E96-B491-0005D7037662}
	EndGlobalSection
EndGlobal
