
Microsoft Visual Studio Solution File, Format Version 12.00
# Visual Studio Version 18
VisualStudioVersion = 18.3.11520.95 d18.3
MinimumVisualStudioVersion = 10.0.40219.1
Project("{FAE04EC0-301F-11D3-BF4B-00C04F79EFBC}") = "DonationRegistry", "DonationRegistry.csproj", "{0219C1DC-CD0C-716A-9B3A-F7AE2307B16F}"
EndProject
Global
	GlobalSection(SolutionConfigurationPlatforms) = preSolution
		Debug|Any CPU = Debug|Any CPU
		Release|Any CPU = Release|Any CPU
	EndGlobalSection
	GlobalSection(ProjectConfigurationPlatforms) = postSolution
		{0219C1DC-CD0C-716A-9B3A-F7AE2307B16F}.Debug|Any CPU.ActiveCfg = Debug|Any CPU
		{0219C1DC-CD0C-716A-9B3A-F7AE2307B16F}.Debug|Any CPU.Build.0 = Debug|Any CPU
		{0219C1DC-CD0C-716A-9B3A-F7AE2307B16F}.Release|Any CPU.ActiveCfg = Release|Any CPU
		{0219C1DC-CD0C-716A-9B3A-F7AE2307B16F}.Release|Any CPU.Build.0 = Release|Any CPU
	EndGlobalSection
	GlobalSection(SolutionProperties) = preSolution
		HideSolutionNode = FALSE
	EndGlobalSection
	GlobalSection(ExtensibilityGlobals) = postSolution
		SolutionGuid = {9F15F32D-2CBE-48A0-ABFC-7BE751F6068D}
	EndGlobalSection
EndGlobal
